// !$*UTF8*$!
{
	archiveVersion = 1;
	classes = {
	};
	objectVersion = 56;
	objects = {

/* Begin PBXBuildFile section */
		AF93DAD52CE408F400B9475C /* GameViewController.swift in Sources */ = {isa = PBXBuildFile; fileRef = AF93DAD42CE408F400B9475C /* GameViewController.swift */; };
		AF93DB6F2CE41D1E00B9475C /* Assets.xcassets in Resources */ = {isa = PBXBuildFile; fileRef = AF93DAC62CE3FECA00B9475C /* Assets.xcassets */; };
		DB9810C02CB1F9E5007950A0 /* CreateCharacterView.swift in Sources */ = {isa = PBXBuildFile; fileRef = DB9810BF2CB1F9E4007950A0 /* CreateCharacterView.swift */; };
		DB9810C22CB1FA1D007950A0 /* GameView.swift in Sources */ = {isa = PBXBuildFile; fileRef = DB9810C12CB1FA1D007950A0 /* GameView.swift */; };
		DBA3E6642CABA04C0006036A /* LifeSimApp.swift in Sources */ = {isa = PBXBuildFile; fileRef = DBA3E6632CABA04C0006036A /* LifeSimApp.swift */; };
		DBA3E6752CABA04D0006036A /* LifeSimTests.swift in Sources */ = {isa = PBXBuildFile; fileRef = DBA3E6742CABA04D0006036A /* LifeSimTests.swift */; };
		DBA3E67F2CABA04D0006036A /* LifeSimUITests.swift in Sources */ = {isa = PBXBuildFile; fileRef = DBA3E67E2CABA04D0006036A /* LifeSimUITests.swift */; };
		DBA3E6812CABA04D0006036A /* LifeSimUITestsLaunchTests.swift in Sources */ = {isa = PBXBuildFile; fileRef = DBA3E6802CABA04D0006036A /* LifeSimUITestsLaunchTests.swift */; };
		DBD4998F2CE57504003C08C0 /* LifeSimAppModel.xcdatamodeld in Sources */ = {isa = PBXBuildFile; fileRef = DBD4998D2CE57504003C08C0 /* LifeSimAppModel.xcdatamodeld */; };
		DBE2EB2F2CBAE7AD00683479 /* DataController.swift in Sources */ = {isa = PBXBuildFile; fileRef = DBE2EB2E2CBAE7AC00683479 /* DataController.swift */; };
		DBE6E2862CB1C93A00FED61B /* HomeView.swift in Sources */ = {isa = PBXBuildFile; fileRef = DBE6E2852CB1C93A00FED61B /* HomeView.swift */; };
/* End PBXBuildFile section */

/* Begin PBXContainerItemProxy section */
		DBA3E6712CABA04D0006036A /* PBXContainerItemProxy */ = {
			isa = PBXContainerItemProxy;
			containerPortal = DBA3E6582CABA04C0006036A /* Project object */;
			proxyType = 1;
			remoteGlobalIDString = DBA3E65F2CABA04C0006036A;
			remoteInfo = LifeSim;
		};
		DBA3E67B2CABA04D0006036A /* PBXContainerItemProxy */ = {
			isa = PBXContainerItemProxy;
			containerPortal = DBA3E6582CABA04C0006036A /* Project object */;
			proxyType = 1;
			remoteGlobalIDString = DBA3E65F2CABA04C0006036A;
			remoteInfo = LifeSim;
		};
/* End PBXContainerItemProxy section */

/* Begin PBXFileReference section */
		AF93DAC52CE3FEC800B9475C /* Preview Assets.xcassets */ = {isa = PBXFileReference; lastKnownFileType = folder.assetcatalog; path = "Preview Assets.xcassets"; sourceTree = "<group>"; };
		AF93DAC62CE3FECA00B9475C /* Assets.xcassets */ = {isa = PBXFileReference; lastKnownFileType = folder.assetcatalog; path = Assets.xcassets; sourceTree = "<group>"; };
		AF93DAD42CE408F400B9475C /* GameViewController.swift */ = {isa = PBXFileReference; lastKnownFileType = sourcecode.swift; path = GameViewController.swift; sourceTree = "<group>"; };
		DB9810BF2CB1F9E4007950A0 /* CreateCharacterView.swift */ = {isa = PBXFileReference; lastKnownFileType = sourcecode.swift; path = CreateCharacterView.swift; sourceTree = "<group>"; };
		DB9810C12CB1FA1D007950A0 /* GameView.swift */ = {isa = PBXFileReference; lastKnownFileType = sourcecode.swift; path = GameView.swift; sourceTree = "<group>"; };
		DBA3E6602CABA04C0006036A /* LifeSim.app */ = {isa = PBXFileReference; explicitFileType = wrapper.application; includeInIndex = 0; path = LifeSim.app; sourceTree = BUILT_PRODUCTS_DIR; };
		DBA3E6632CABA04C0006036A /* LifeSimApp.swift */ = {isa = PBXFileReference; lastKnownFileType = sourcecode.swift; path = LifeSimApp.swift; sourceTree = "<group>"; };
		DBA3E6702CABA04D0006036A /* LifeSimTests.xctest */ = {isa = PBXFileReference; explicitFileType = wrapper.cfbundle; includeInIndex = 0; path = LifeSimTests.xctest; sourceTree = BUILT_PRODUCTS_DIR; };
		DBA3E6742CABA04D0006036A /* LifeSimTests.swift */ = {isa = PBXFileReference; lastKnownFileType = sourcecode.swift; path = LifeSimTests.swift; sourceTree = "<group>"; };
		DBA3E67A2CABA04D0006036A /* LifeSimUITests.xctest */ = {isa = PBXFileReference; explicitFileType = wrapper.cfbundle; includeInIndex = 0; path = LifeSimUITests.xctest; sourceTree = BUILT_PRODUCTS_DIR; };
		DBA3E67E2CABA04D0006036A /* LifeSimUITests.swift */ = {isa = PBXFileReference; lastKnownFileType = sourcecode.swift; path = LifeSimUITests.swift; sourceTree = "<group>"; };
		DBA3E6802CABA04D0006036A /* LifeSimUITestsLaunchTests.swift */ = {isa = PBXFileReference; lastKnownFileType = sourcecode.swift; path = LifeSimUITestsLaunchTests.swift; sourceTree = "<group>"; };
		DBD4998E2CE57504003C08C0 /* LifeSimAppModel.xcdatamodel */ = {isa = PBXFileReference; lastKnownFileType = wrapper.xcdatamodel; path = LifeSimAppModel.xcdatamodel; sourceTree = "<group>"; };
		DBE2EB2E2CBAE7AC00683479 /* DataController.swift */ = {isa = PBXFileReference; lastKnownFileType = sourcecode.swift; path = DataController.swift; sourceTree = "<group>"; };
		DBE6E2852CB1C93A00FED61B /* HomeView.swift */ = {isa = PBXFileReference; lastKnownFileType = sourcecode.swift; path = HomeView.swift; sourceTree = "<group>"; };
/* End PBXFileReference section */

/* Begin PBXFrameworksBuildPhase section */
		DBA3E65D2CABA04C0006036A /* Frameworks */ = {
			isa = PBXFrameworksBuildPhase;
			buildActionMask = 2147483647;
			files = (
			);
			runOnlyForDeploymentPostprocessing = 0;
		};
		DBA3E66D2CABA04D0006036A /* Frameworks */ = {
			isa = PBXFrameworksBuildPhase;
			buildActionMask = 2147483647;
			files = (
			);
			runOnlyForDeploymentPostprocessing = 0;
		};
		DBA3E6772CABA04D0006036A /* Frameworks */ = {
			isa = PBXFrameworksBuildPhase;
			buildActionMask = 2147483647;
			files = (
			);
			runOnlyForDeploymentPostprocessing = 0;
		};
/* End PBXFrameworksBuildPhase section */

/* Begin PBXGroup section */
		AF93DAC72CE3FEE200B9475C /* Assets */ = {
			isa = PBXGroup;
			children = (
				AF93DAC62CE3FECA00B9475C /* Assets.xcassets */,
			);
			path = Assets;
			sourceTree = "<group>";
		};
		DB5F15372CE563360041BA4C /* Controllers */ = {
			isa = PBXGroup;
			children = (
				AF93DAD42CE408F400B9475C /* GameViewController.swift */,
				DBE2EB2E2CBAE7AC00683479 /* DataController.swift */,
			);
			path = Controllers;
			sourceTree = "<group>";
		};
		DB6FA1632CE559230041B6B4 /* Views */ = {
			isa = PBXGroup;
			children = (
				DBE6E2852CB1C93A00FED61B /* HomeView.swift */,
				DB9810BF2CB1F9E4007950A0 /* CreateCharacterView.swift */,
				DB9810C12CB1FA1D007950A0 /* GameView.swift */,
			);
			path = Views;
			sourceTree = "<group>";
		};
		DB70A8A22CBAFB510036F93D /* LocalDB */ = {
			isa = PBXGroup;
			children = (
				DBD4998D2CE57504003C08C0 /* LifeSimAppModel.xcdatamodeld */,
			);
			path = LocalDB;
			sourceTree = "<group>";
		};
		DBA3E6572CABA04C0006036A = {
			isa = PBXGroup;
			children = (
				DBA3E6622CABA04C0006036A /* LifeSim */,
				DBA3E6732CABA04D0006036A /* LifeSimTests */,
				DBA3E67D2CABA04D0006036A /* LifeSimUITests */,
				DBA3E6612CABA04C0006036A /* Products */,
			);
			sourceTree = "<group>";
		};
		DBA3E6612CABA04C0006036A /* Products */ = {
			isa = PBXGroup;
			children = (
				DBA3E6602CABA04C0006036A /* LifeSim.app */,
				DBA3E6702CABA04D0006036A /* LifeSimTests.xctest */,
				DBA3E67A2CABA04D0006036A /* LifeSimUITests.xctest */,
			);
			name = Products;
			sourceTree = "<group>";
		};
		DBA3E6622CABA04C0006036A /* LifeSim */ = {
			isa = PBXGroup;
			children = (
				DB70A8A22CBAFB510036F93D /* LocalDB */,
				DB5F15372CE563360041BA4C /* Controllers */,
				DB6FA1632CE559230041B6B4 /* Views */,
				DBA3E6632CABA04C0006036A /* LifeSimApp.swift */,
				AF93DAC72CE3FEE200B9475C /* Assets */,
				DBA3E6692CABA04D0006036A /* Preview Content */,
			);
			path = LifeSim;
			sourceTree = "<group>";
		};
		DBA3E6692CABA04D0006036A /* Preview Content */ = {
			isa = PBXGroup;
			children = (
				AF93DAC52CE3FEC800B9475C /* Preview Assets.xcassets */,
			);
			path = "Preview Content";
			sourceTree = "<group>";
		};
		DBA3E6732CABA04D0006036A /* LifeSimTests */ = {
			isa = PBXGroup;
			children = (
				DBA3E6742CABA04D0006036A /* LifeSimTests.swift */,
			);
			path = LifeSimTests;
			sourceTree = "<group>";
		};
		DBA3E67D2CABA04D0006036A /* LifeSimUITests */ = {
			isa = PBXGroup;
			children = (
				DBA3E67E2CABA04D0006036A /* LifeSimUITests.swift */,
				DBA3E6802CABA04D0006036A /* LifeSimUITestsLaunchTests.swift */,
			);
			path = LifeSimUITests;
			sourceTree = "<group>";
		};
/* End PBXGroup section */

/* Begin PBXNativeTarget section */
		DBA3E65F2CABA04C0006036A /* LifeSim */ = {
			isa = PBXNativeTarget;
			buildConfigurationList = DBA3E6842CABA04D0006036A /* Build configuration list for PBXNativeTarget "LifeSim" */;
			buildPhases = (
				DBA3E65C2CABA04C0006036A /* Sources */,
				DBA3E65D2CABA04C0006036A /* Frameworks */,
				DBA3E65E2CABA04C0006036A /* Resources */,
			);
			buildRules = (
			);
			dependencies = (
			);
			name = LifeSim;
			productName = LifeSim;
			productReference = DBA3E6602CABA04C0006036A /* LifeSim.app */;
			productType = "com.apple.product-type.application";
		};
		DBA3E66F2CABA04D0006036A /* LifeSimTests */ = {
			isa = PBXNativeTarget;
			buildConfigurationList = DBA3E6872CABA04D0006036A /* Build configuration list for PBXNativeTarget "LifeSimTests" */;
			buildPhases = (
				DBA3E66C2CABA04D0006036A /* Sources */,
				DBA3E66D2CABA04D0006036A /* Frameworks */,
				DBA3E66E2CABA04D0006036A /* Resources */,
			);
			buildRules = (
			);
			dependencies = (
				DBA3E6722CABA04D0006036A /* PBXTargetDependency */,
			);
			name = LifeSimTests;
			productName = LifeSimTests;
			productReference = DBA3E6702CABA04D0006036A /* LifeSimTests.xctest */;
			productType = "com.apple.product-type.bundle.unit-test";
		};
		DBA3E6792CABA04D0006036A /* LifeSimUITests */ = {
			isa = PBXNativeTarget;
			buildConfigurationList = DBA3E68A2CABA04D0006036A /* Build configuration list for PBXNativeTarget "LifeSimUITests" */;
			buildPhases = (
				DBA3E6762CABA04D0006036A /* Sources */,
				DBA3E6772CABA04D0006036A /* Frameworks */,
				DBA3E6782CABA04D0006036A /* Resources */,
			);
			buildRules = (
			);
			dependencies = (
				DBA3E67C2CABA04D0006036A /* PBXTargetDependency */,
			);
			name = LifeSimUITests;
			productName = LifeSimUITests;
			productReference = DBA3E67A2CABA04D0006036A /* LifeSimUITests.xctest */;
			productType = "com.apple.product-type.bundle.ui-testing";
		};
/* End PBXNativeTarget section */

/* Begin PBXProject section */
		DBA3E6582CABA04C0006036A /* Project object */ = {
			isa = PBXProject;
			attributes = {
				BuildIndependentTargetsInParallel = 1;
				LastSwiftUpdateCheck = 1540;
				LastUpgradeCheck = 1540;
				TargetAttributes = {
					DBA3E65F2CABA04C0006036A = {
						CreatedOnToolsVersion = 15.4;
					};
					DBA3E66F2CABA04D0006036A = {
						CreatedOnToolsVersion = 15.4;
						TestTargetID = DBA3E65F2CABA04C0006036A;
					};
					DBA3E6792CABA04D0006036A = {
						CreatedOnToolsVersion = 15.4;
						TestTargetID = DBA3E65F2CABA04C0006036A;
					};
				};
			};
			buildConfigurationList = DBA3E65B2CABA04C0006036A /* Build configuration list for PBXProject "LifeSim" */;
			compatibilityVersion = "Xcode 14.0";
			developmentRegion = en;
			hasScannedForEncodings = 0;
			knownRegions = (
				en,
				Base,
			);
			mainGroup = DBA3E6572CABA04C0006036A;
			productRefGroup = DBA3E6612CABA04C0006036A /* Products */;
			projectDirPath = "";
			projectRoot = "";
			targets = (
				DBA3E65F2CABA04C0006036A /* LifeSim */,
				DBA3E66F2CABA04D0006036A /* LifeSimTests */,
				DBA3E6792CABA04D0006036A /* LifeSimUITests */,
			);
		};
/* End PBXProject section */

/* Begin PBXResourcesBuildPhase section */
		DBA3E65E2CABA04C0006036A /* Resources */ = {
			isa = PBXResourcesBuildPhase;
			buildActionMask = 2147483647;
			files = (
				AF93DB6F2CE41D1E00B9475C /* Assets.xcassets in Resources */,
			);
			runOnlyForDeploymentPostprocessing = 0;
		};
		DBA3E66E2CABA04D0006036A /* Resources */ = {
			isa = PBXResourcesBuildPhase;
			buildActionMask = 2147483647;
			files = (
			);
			runOnlyForDeploymentPostprocessing = 0;
		};
		DBA3E6782CABA04D0006036A /* Resources */ = {
			isa = PBXResourcesBuildPhase;
			buildActionMask = 2147483647;
			files = (
			);
			runOnlyForDeploymentPostprocessing = 0;
		};
/* End PBXResourcesBuildPhase section */

/* Begin PBXSourcesBuildPhase section */
		DBA3E65C2CABA04C0006036A /* Sources */ = {
			isa = PBXSourcesBuildPhase;
			buildActionMask = 2147483647;
			files = (
				DBE2EB2F2CBAE7AD00683479 /* DataController.swift in Sources */,
				DBE6E2862CB1C93A00FED61B /* HomeView.swift in Sources */,
				DBA3E6642CABA04C0006036A /* LifeSimApp.swift in Sources */,
				DBD4998F2CE57504003C08C0 /* LifeSimAppModel.xcdatamodeld in Sources */,
				DB9810C22CB1FA1D007950A0 /* GameView.swift in Sources */,
				AF93DAD52CE408F400B9475C /* GameViewController.swift in Sources */,
				DB9810C02CB1F9E5007950A0 /* CreateCharacterView.swift in Sources */,
			);
			runOnlyForDeploymentPostprocessing = 0;
		};
		DBA3E66C2CABA04D0006036A /* Sources */ = {
			isa = PBXSourcesBuildPhase;
			buildActionMask = 2147483647;
			files = (
				DBA3E6752CABA04D0006036A /* LifeSimTests.swift in Sources */,
			);
			runOnlyForDeploymentPostprocessing = 0;
		};
		DBA3E6762CABA04D0006036A /* Sources */ = {
			isa = PBXSourcesBuildPhase;
			buildActionMask = 2147483647;
			files = (
				DBA3E6812CABA04D0006036A /* LifeSimUITestsLaunchTests.swift in Sources */,
				DBA3E67F2CABA04D0006036A /* LifeSimUITests.swift in Sources */,
			);
			runOnlyForDeploymentPostprocessing = 0;
		};
/* End PBXSourcesBuildPhase section */

/* Begin PBXTargetDependency section */
		DBA3E6722CABA04D0006036A /* PBXTargetDependency */ = {
			isa = PBXTargetDependency;
			target = DBA3E65F2CABA04C0006036A /* LifeSim */;
			targetProxy = DBA3E6712CABA04D0006036A /* PBXContainerItemProxy */;
		};
		DBA3E67C2CABA04D0006036A /* PBXTargetDependency */ = {
			isa = PBXTargetDependency;
			target = DBA3E65F2CABA04C0006036A /* LifeSim */;
			targetProxy = DBA3E67B2CABA04D0006036A /* PBXContainerItemProxy */;
		};
/* End PBXTargetDependency section */

/* Begin XCBuildConfiguration section */
		DBA3E6822CABA04D0006036A /* Debug */ = {
			isa = XCBuildConfiguration;
			buildSettings = {
				ALWAYS_SEARCH_USER_PATHS = NO;
				ASSETCATALOG_COMPILER_GENERATE_SWIFT_ASSET_SYMBOL_EXTENSIONS = YES;
				CLANG_ANALYZER_NONNULL = YES;
				CLANG_ANALYZER_NUMBER_OBJECT_CONVERSION = YES_AGGRESSIVE;
				CLANG_CXX_LANGUAGE_STANDARD = "gnu++20";
				CLANG_ENABLE_MODULES = YES;
				CLANG_ENABLE_OBJC_ARC = YES;
				CLANG_ENABLE_OBJC_WEAK = YES;
				CLANG_WARN_BLOCK_CAPTURE_AUTORELEASING = YES;
				CLANG_WARN_BOOL_CONVERSION = YES;
				CLANG_WARN_COMMA = YES;
				CLANG_WARN_CONSTANT_CONVERSION = YES;
				CLANG_WARN_DEPRECATED_OBJC_IMPLEMENTATIONS = YES;
				CLANG_WARN_DIRECT_OBJC_ISA_USAGE = YES_ERROR;
				CLANG_WARN_DOCUMENTATION_COMMENTS = YES;
				CLANG_WARN_EMPTY_BODY = YES;
				CLANG_WARN_ENUM_CONVERSION = YES;
				CLANG_WARN_INFINITE_RECURSION = YES;
				CLANG_WARN_INT_CONVERSION = YES;
				CLANG_WARN_NON_LITERAL_NULL_CONVERSION = YES;
				CLANG_WARN_OBJC_IMPLICIT_RETAIN_SELF = YES;
				CLANG_WARN_OBJC_LITERAL_CONVERSION = YES;
				CLANG_WARN_OBJC_ROOT_CLASS = YES_ERROR;
				CLANG_WARN_QUOTED_INCLUDE_IN_FRAMEWORK_HEADER = YES;
				CLANG_WARN_RANGE_LOOP_ANALYSIS = YES;
				CLANG_WARN_STRICT_PROTOTYPES = YES;
				CLANG_WARN_SUSPICIOUS_MOVE = YES;
				CLANG_WARN_UNGUARDED_AVAILABILITY = YES_AGGRESSIVE;
				CLANG_WARN_UNREACHABLE_CODE = YES;
				CLANG_WARN__DUPLICATE_METHOD_MATCH = YES;
				COPY_PHASE_STRIP = NO;
				DEBUG_INFORMATION_FORMAT = dwarf;
				ENABLE_STRICT_OBJC_MSGSEND = YES;
				ENABLE_TESTABILITY = YES;
				ENABLE_USER_SCRIPT_SANDBOXING = YES;
				GCC_C_LANGUAGE_STANDARD = gnu17;
				GCC_DYNAMIC_NO_PIC = NO;
				GCC_NO_COMMON_BLOCKS = YES;
				GCC_OPTIMIZATION_LEVEL = 0;
				GCC_PREPROCESSOR_DEFINITIONS = (
					"DEBUG=1",
					"$(inherited)",
				);
				GCC_WARN_64_TO_32_BIT_CONVERSION = YES;
				GCC_WARN_ABOUT_RETURN_TYPE = YES_ERROR;
				GCC_WARN_UNDECLARED_SELECTOR = YES;
				GCC_WARN_UNINITIALIZED_AUTOS = YES_AGGRESSIVE;
				GCC_WARN_UNUSED_FUNCTION = YES;
				GCC_WARN_UNUSED_VARIABLE = YES;
				IPHONEOS_DEPLOYMENT_TARGET = 17.5;
				LOCALIZATION_PREFERS_STRING_CATALOGS = YES;
				MTL_ENABLE_DEBUG_INFO = INCLUDE_SOURCE;
				MTL_FAST_MATH = YES;
				ONLY_ACTIVE_ARCH = YES;
				SDKROOT = iphoneos;
				SWIFT_ACTIVE_COMPILATION_CONDITIONS = "DEBUG $(inherited)";
				SWIFT_OPTIMIZATION_LEVEL = "-Onone";
			};
			name = Debug;
		};
		DBA3E6832CABA04D0006036A /* Release */ = {
			isa = XCBuildConfiguration;
			buildSettings = {
				ALWAYS_SEARCH_USER_PATHS = NO;
				ASSETCATALOG_COMPILER_GENERATE_SWIFT_ASSET_SYMBOL_EXTENSIONS = YES;
				CLANG_ANALYZER_NONNULL = YES;
				CLANG_ANALYZER_NUMBER_OBJECT_CONVERSION = YES_AGGRESSIVE;
				CLANG_CXX_LANGUAGE_STANDARD = "gnu++20";
				CLANG_ENABLE_MODULES = YES;
				CLANG_ENABLE_OBJC_ARC = YES;
				CLANG_ENABLE_OBJC_WEAK = YES;
				CLANG_WARN_BLOCK_CAPTURE_AUTORELEASING = YES;
				CLANG_WARN_BOOL_CONVERSION = YES;
				CLANG_WARN_COMMA = YES;
				CLANG_WARN_CONSTANT_CONVERSION = YES;
				CLANG_WARN_DEPRECATED_OBJC_IMPLEMENTATIONS = YES;
				CLANG_WARN_DIRECT_OBJC_ISA_USAGE = YES_ERROR;
				CLANG_WARN_DOCUMENTATION_COMMENTS = YES;
				CLANG_WARN_EMPTY_BODY = YES;
				CLANG_WARN_ENUM_CONVERSION = YES;
				CLANG_WARN_INFINITE_RECURSION = YES;
				CLANG_WARN_INT_CONVERSION = YES;
				CLANG_WARN_NON_LITERAL_NULL_CONVERSION = YES;
				CLANG_WARN_OBJC_IMPLICIT_RETAIN_SELF = YES;
				CLANG_WARN_OBJC_LITERAL_CONVERSION = YES;
				CLANG_WARN_OBJC_ROOT_CLASS = YES_ERROR;
				CLANG_WARN_QUOTED_INCLUDE_IN_FRAMEWORK_HEADER = YES;
				CLANG_WARN_RANGE_LOOP_ANALYSIS = YES;
				CLANG_WARN_STRICT_PROTOTYPES = YES;
				CLANG_WARN_SUSPICIOUS_MOVE = YES;
				CLANG_WARN_UNGUARDED_AVAILABILITY = YES_AGGRESSIVE;
				CLANG_WARN_UNREACHABLE_CODE = YES;
				CLANG_WARN__DUPLICATE_METHOD_MATCH = YES;
				COPY_PHASE_STRIP = NO;
				DEBUG_INFORMATION_FORMAT = "dwarf-with-dsym";
				ENABLE_NS_ASSERTIONS = NO;
				ENABLE_STRICT_OBJC_MSGSEND = YES;
				ENABLE_USER_SCRIPT_SANDBOXING = YES;
				GCC_C_LANGUAGE_STANDARD = gnu17;
				GCC_NO_COMMON_BLOCKS = YES;
				GCC_WARN_64_TO_32_BIT_CONVERSION = YES;
				GCC_WARN_ABOUT_RETURN_TYPE = YES_ERROR;
				GCC_WARN_UNDECLARED_SELECTOR = YES;
				GCC_WARN_UNINITIALIZED_AUTOS = YES_AGGRESSIVE;
				GCC_WARN_UNUSED_FUNCTION = YES;
				GCC_WARN_UNUSED_VARIABLE = YES;
				IPHONEOS_DEPLOYMENT_TARGET = 17.5;
				LOCALIZATION_PREFERS_STRING_CATALOGS = YES;
				MTL_ENABLE_DEBUG_INFO = NO;
				MTL_FAST_MATH = YES;
				SDKROOT = iphoneos;
				SWIFT_COMPILATION_MODE = wholemodule;
				VALIDATE_PRODUCT = YES;
			};
			name = Release;
		};
		DBA3E6852CABA04D0006036A /* Debug */ = {
			isa = XCBuildConfiguration;
			buildSettings = {
				ASSETCATALOG_COMPILER_APPICON_NAME = AppIcon;
				ASSETCATALOG_COMPILER_GLOBAL_ACCENT_COLOR_NAME = AccentColor;
				CODE_SIGN_STYLE = Automatic;
				CURRENT_PROJECT_VERSION = 1;
				DEVELOPMENT_ASSET_PATHS = "\"LifeSim/Preview Content\"";
				ENABLE_PREVIEWS = YES;
				GENERATE_INFOPLIST_FILE = YES;
				INFOPLIST_KEY_UIApplicationSceneManifest_Generation = YES;
				INFOPLIST_KEY_UIApplicationSupportsIndirectInputEvents = YES;
				INFOPLIST_KEY_UILaunchScreen_Generation = YES;
				INFOPLIST_KEY_UISupportedInterfaceOrientations_iPad = "UIInterfaceOrientationPortrait UIInterfaceOrientationPortraitUpsideDown UIInterfaceOrientationLandscapeLeft UIInterfaceOrientationLandscapeRight";
				INFOPLIST_KEY_UISupportedInterfaceOrientations_iPhone = "UIInterfaceOrientationPortrait UIInterfaceOrientationLandscapeLeft UIInterfaceOrientationLandscapeRight";
				LD_RUNPATH_SEARCH_PATHS = (
					"$(inherited)",
					"@executable_path/Frameworks",
				);
				MARKETING_VERSION = 1.0;
				PRODUCT_BUNDLE_IDENTIFIER = group6.LifeSim;
				PRODUCT_NAME = "$(TARGET_NAME)";
				SWIFT_EMIT_LOC_STRINGS = YES;
				SWIFT_VERSION = 5.0;
				TARGETED_DEVICE_FAMILY = "1,2";
			};
			name = Debug;
		};
		DBA3E6862CABA04D0006036A /* Release */ = {
			isa = XCBuildConfiguration;
			buildSettings = {
				ASSETCATALOG_COMPILER_APPICON_NAME = AppIcon;
				ASSETCATALOG_COMPILER_GLOBAL_ACCENT_COLOR_NAME = AccentColor;
				CODE_SIGN_STYLE = Automatic;
				CURRENT_PROJECT_VERSION = 1;
				DEVELOPMENT_ASSET_PATHS = "\"LifeSim/Preview Content\"";
				ENABLE_PREVIEWS = YES;
				GENERATE_INFOPLIST_FILE = YES;
				INFOPLIST_KEY_UIApplicationSceneManifest_Generation = YES;
				INFOPLIST_KEY_UIApplicationSupportsIndirectInputEvents = YES;
				INFOPLIST_KEY_UILaunchScreen_Generation = YES;
				INFOPLIST_KEY_UISupportedInterfaceOrientations_iPad = "UIInterfaceOrientationPortrait UIInterfaceOrientationPortraitUpsideDown UIInterfaceOrientationLandscapeLeft UIInterfaceOrientationLandscapeRight";
				INFOPLIST_KEY_UISupportedInterfaceOrientations_iPhone = "UIInterfaceOrientationPortrait UIInterfaceOrientationLandscapeLeft UIInterfaceOrientationLandscapeRight";
				LD_RUNPATH_SEARCH_PATHS = (
					"$(inherited)",
					"@executable_path/Frameworks",
				);
				MARKETING_VERSION = 1.0;
				PRODUCT_BUNDLE_IDENTIFIER = group6.LifeSim;
				PRODUCT_NAME = "$(TARGET_NAME)";
				SWIFT_EMIT_LOC_STRINGS = YES;
				SWIFT_VERSION = 5.0;
				TARGETED_DEVICE_FAMILY = "1,2";
			};
			name = Release;
		};
		DBA3E6882CABA04D0006036A /* Debug */ = {
			isa = XCBuildConfiguration;
			buildSettings = {
				ALWAYS_EMBED_SWIFT_STANDARD_LIBRARIES = YES;
				BUNDLE_LOADER = "$(TEST_HOST)";
				CODE_SIGN_STYLE = Automatic;
				CURRENT_PROJECT_VERSION = 1;
				GENERATE_INFOPLIST_FILE = YES;
				IPHONEOS_DEPLOYMENT_TARGET = 17.5;
				MARKETING_VERSION = 1.0;
				PRODUCT_BUNDLE_IDENTIFIER = group6.LifeSimTests;
				PRODUCT_NAME = "$(TARGET_NAME)";
				SWIFT_EMIT_LOC_STRINGS = NO;
				SWIFT_VERSION = 5.0;
				TARGETED_DEVICE_FAMILY = "1,2";
				TEST_HOST = "$(BUILT_PRODUCTS_DIR)/LifeSim.app/$(BUNDLE_EXECUTABLE_FOLDER_PATH)/LifeSim";
			};
			name = Debug;
		};
		DBA3E6892CABA04D0006036A /* Release */ = {
			isa = XCBuildConfiguration;
			buildSettings = {
				ALWAYS_EMBED_SWIFT_STANDARD_LIBRARIES = YES;
				BUNDLE_LOADER = "$(TEST_HOST)";
				CODE_SIGN_STYLE = Automatic;
				CURRENT_PROJECT_VERSION = 1;
				GENERATE_INFOPLIST_FILE = YES;
				IPHONEOS_DEPLOYMENT_TARGET = 17.5;
				MARKETING_VERSION = 1.0;
				PRODUCT_BUNDLE_IDENTIFIER = group6.LifeSimTests;
				PRODUCT_NAME = "$(TARGET_NAME)";
				SWIFT_EMIT_LOC_STRINGS = NO;
				SWIFT_VERSION = 5.0;
				TARGETED_DEVICE_FAMILY = "1,2";
				TEST_HOST = "$(BUILT_PRODUCTS_DIR)/LifeSim.app/$(BUNDLE_EXECUTABLE_FOLDER_PATH)/LifeSim";
			};
			name = Release;
		};
		DBA3E68B2CABA04D0006036A /* Debug */ = {
			isa = XCBuildConfiguration;
			buildSettings = {
				ALWAYS_EMBED_SWIFT_STANDARD_LIBRARIES = YES;
				CODE_SIGN_STYLE = Automatic;
				CURRENT_PROJECT_VERSION = 1;
				GENERATE_INFOPLIST_FILE = YES;
				MARKETING_VERSION = 1.0;
				PRODUCT_BUNDLE_IDENTIFIER = group6.LifeSimUITests;
				PRODUCT_NAME = "$(TARGET_NAME)";
				SWIFT_EMIT_LOC_STRINGS = NO;
				SWIFT_VERSION = 5.0;
				TARGETED_DEVICE_FAMILY = "1,2";
				TEST_TARGET_NAME = LifeSim;
			};
			name = Debug;
		};
		DBA3E68C2CABA04D0006036A /* Release */ = {
			isa = XCBuildConfiguration;
			buildSettings = {
				ALWAYS_EMBED_SWIFT_STANDARD_LIBRARIES = YES;
				CODE_SIGN_STYLE = Automatic;
				CURRENT_PROJECT_VERSION = 1;
				GENERATE_INFOPLIST_FILE = YES;
				MARKETING_VERSION = 1.0;
				PRODUCT_BUNDLE_IDENTIFIER = group6.LifeSimUITests;
				PRODUCT_NAME = "$(TARGET_NAME)";
				SWIFT_EMIT_LOC_STRINGS = NO;
				SWIFT_VERSION = 5.0;
				TARGETED_DEVICE_FAMILY = "1,2";
				TEST_TARGET_NAME = LifeSim;
			};
			name = Release;
		};
/* End XCBuildConfiguration section */

/* Begin XCConfigurationList section */
		DBA3E65B2CABA04C0006036A /* Build configuration list for PBXProject "LifeSim" */ = {
			isa = XCConfigurationList;
			buildConfigurations = (
				DBA3E6822CABA04D0006036A /* Debug */,
				DBA3E6832CABA04D0006036A /* Release */,
			);
			defaultConfigurationIsVisible = 0;
			defaultConfigurationName = Release;
		};
		DBA3E6842CABA04D0006036A /* Build configuration list for PBXNativeTarget "LifeSim" */ = {
			isa = XCConfigurationList;
			buildConfigurations = (
				DBA3E6852CABA04D0006036A /* Debug */,
				DBA3E6862CABA04D0006036A /* Release */,
			);
			defaultConfigurationIsVisible = 0;
			defaultConfigurationName = Release;
		};
		DBA3E6872CABA04D0006036A /* Build configuration list for PBXNativeTarget "LifeSimTests" */ = {
			isa = XCConfigurationList;
			buildConfigurations = (
				DBA3E6882CABA04D0006036A /* Debug */,
				DBA3E6892CABA04D0006036A /* Release */,
			);
			defaultConfigurationIsVisible = 0;
			defaultConfigurationName = Release;
		};
		DBA3E68A2CABA04D0006036A /* Build configuration list for PBXNativeTarget "LifeSimUITests" */ = {
			isa = XCConfigurationList;
			buildConfigurations = (
				DBA3E68B2CABA04D0006036A /* Debug */,
				DBA3E68C2CABA04D0006036A /* Release */,
			);
			defaultConfigurationIsVisible = 0;
			defaultConfigurationName = Release;
		};
/* End XCConfigurationList section */

/* Begin XCVersionGroup section */
		DBD4998D2CE57504003C08C0 /* LifeSimAppModel.xcdatamodeld */ = {
			isa = XCVersionGroup;
			children = (
				DBD4998E2CE57504003C08C0 /* LifeSimAppModel.xcdatamodel */,
			);
			currentVersion = DBD4998E2CE57504003C08C0 /* LifeSimAppModel.xcdatamodel */;
			name = LifeSimAppModel.xcdatamodeld;
			path = /Users/cesar/Desktop/LifeSim/LifeSim/LifeSim/LocalDB/LifeSimAppModel.xcdatamodeld;
			sourceTree = "<group>";
			versionGroupType = wrapper.xcdatamodel;
		};
/* End XCVersionGroup section */
	};
	rootObject = DBA3E6582CABA04C0006036A /* Project object */;
}
